
Microsoft Visual Studio Solution File, Format Version 12.00
# Visual Studio 14
VisualStudioVersion = 14.0.25420.1
MinimumVisualStudioVersion = 10.0.40219.1
Project("{FAE04EC0-301F-11D3-BF4B-00C04F79EFBC}") = "Mp3Effects", "Mp3Effects\Mp3Effects.csproj", "{33512A9F-6775-4863-A512-82560E2C14AD}"
EndProject
Project("{FAE04EC0-301F-11D3-BF4B-00C04F79EFBC}") = "Mp3Effects.CLI", "Mp3Effects.CLI\Mp3Effects.CLI.csproj", "{238C17F5-2DAD-403A-B59D-5AFEA147EF3C}"
EndProject
Project("{FAE04EC0-301F-11D3-BF4B-00C04F79EFBC}") = "Mp3Effects.ShellExtensions", "Mp3Effects.ShellExtensions\Mp3Effects.ShellExtensions.csproj", "{43CF0B8D-4548-481C-BB1F-9A1BE9E0DCC7}"
EndProject
Project("{FAE04EC0-301F-11D3-BF4B-00C04F79EFBC}") = "MP3Effects.WinForms", "MP3Effects.WinForms\MP3Effects.WinForms.csproj", "{24E76537-25C0-4853-921F-A6653A591C8A}"
EndProject
Global
	GlobalSection(SolutionConfigurationPlatforms) = preSolution
		Debug|Any CPU = Debug|Any CPU
		Release|Any CPU = Release|Any CPU
	EndGlobalSection
	GlobalSection(ProjectConfigurationPlatforms) = postSolution
		{33512A9F-6775-4863-A512-82560E2C14AD}.Debug|Any CPU.ActiveCfg = Debug|Any CPU
		{33512A9F-6775-4863-A512-82560E2C14AD}.Debug|Any CPU.Build.0 = Debug|Any CPU
		{33512A9F-6775-4863-A512-82560E2C14AD}.Release|Any CPU.ActiveCfg = Release|Any CPU
		{33512A9F-6775-4863-A512-82560E2C14AD}.Release|Any CPU.Build.0 = Release|Any CPU
		{238C17F5-2DAD-403A-B59D-5AFEA147EF3C}.Debug|Any CPU.ActiveCfg = Debug|Any CPU
		{238C17F5-2DAD-403A-B59D-5AFEA147EF3C}.Debug|Any CPU.Build.0 = Debug|Any CPU
		{238C17F5-2DAD-403A-B59D-5AFEA147EF3C}.Release|Any CPU.ActiveCfg = Release|Any CPU
		{238C17F5-2DAD-403A-B59D-5AFEA147EF3C}.Release|Any CPU.Build.0 = Release|Any CPU
		{43CF0B8D-4548-481C-BB1F-9A1BE9E0DCC7}.Debug|Any CPU.ActiveCfg = Debug|Any CPU
		{43CF0B8D-4548-481C-BB1F-9A1BE9E0DCC7}.Debug|Any CPU.Build.0 = Debug|Any CPU
		{43CF0B8D-4548-481C-BB1F-9A1BE9E0DCC7}.Release|Any CPU.ActiveCfg = Release|Any CPU
		{43CF0B8D-4548-481C-BB1F-9A1BE9E0DCC7}.Release|Any CPU.Build.0 = Release|Any CPU
		{24E76537-25C0-4853-921F-A6653A591C8A}.Debug|Any CPU.ActiveCfg = Debug|Any CPU
		{24E76537-25C0-4853-921F-A6653A591C8A}.Debug|Any CPU.Build.0 = Debug|Any CPU
		{24E76537-25C0-4853-921F-A6653A591C8A}.Release|Any CPU.ActiveCfg = Release|Any CPU
		{24E76537-25C0-4853-921F-A6653A591C8A}.Release|Any CPU.Build.0 = Release|Any CPU
	EndGlobalSection
	GlobalSection(SolutionProperties) = preSolution
		HideSolutionNode = FALSE
	EndGlobalSection
EndGlobal
